
Microsoft Visual Studio Solution File, Format Version 12.00
# Visual Studio Version 16
VisualStudioVersion = 16.0.31410.357
MinimumVisualStudioVersion = 10.0.40219.1
Project("{FAE04EC0-301F-11D3-BF4B-00C04F79EFBC}") = "App.Restaurante.Models", "App.Restaurante.Models\App.Restaurante.Models.csproj", "{F99270A6-1671-4627-B145-09462BA14E25}"
EndProject
Project("{FAE04EC0-301F-11D3-BF4B-00C04F79EFBC}") = "App.Restaurante.Repositories", "..\App.Restaurante.Repositories\App.Restaurante.Repositories.csproj", "{D9B008C9-76B0-43AB-A76A-7E08592CDB89}"
EndProject
Project("{2150E333-8FDC-42A3-9474-1A3956D46DE8}") = "Datos", "Datos", "{A34FA2E8-8689-4262-B75E-9E81BDC13522}"
EndProject
Global
	GlobalSection(SolutionConfigurationPlatforms) = preSolution
		Debug|Any CPU = Debug|Any CPU
		Release|Any CPU = Release|Any CPU
	EndGlobalSection
	GlobalSection(ProjectConfigurationPlatforms) = postSolution
		{F99270A6-1671-4627-B145-09462BA14E25}.Debug|Any CPU.ActiveCfg = Debug|Any CPU
		{F99270A6-1671-4627-B145-09462BA14E25}.Debug|Any CPU.Build.0 = Debug|Any CPU
		{F99270A6-1671-4627-B145-09462BA14E25}.Release|Any CPU.ActiveCfg = Release|Any CPU
		{F99270A6-1671-4627-B145-09462BA14E25}.Release|Any CPU.Build.0 = Release|Any CPU
		{D9B008C9-76B0-43AB-A76A-7E08592CDB89}.Debug|Any CPU.ActiveCfg = Debug|Any CPU
		{D9B008C9-76B0-43AB-A76A-7E08592CDB89}.Debug|Any CPU.Build.0 = Debug|Any CPU
		{D9B008C9-76B0-43AB-A76A-7E08592CDB89}.Release|Any CPU.ActiveCfg = Release|Any CPU
		{D9B008C9-76B0-43AB-A76A-7E08592CDB89}.Release|Any CPU.Build.0 = Release|Any CPU
	EndGlobalSection
	GlobalSection(SolutionProperties) = preSolution
		HideSolutionNode = FALSE
	EndGlobalSection
	GlobalSection(NestedProjects) = preSolution
		{F99270A6-1671-4627-B145-09462BA14E25} = {A34FA2E8-8689-4262-B75E-9E81BDC13522}
		{D9B008C9-76B0-43AB-A76A-7E08592CDB89} = {A34FA2E8-8689-4262-B75E-9E81BDC13522}
	EndGlobalSection
	GlobalSection(ExtensibilityGlobals) = postSolution
		SolutionGuid = {A5183CFB-5BB4-4688-AEC8-07A2B9C2B4E8}
	EndGlobalSection
EndGlobal
